
Microsoft Visual Studio Solution File, Format Version 12.00
Project("{FAE04EC0-301F-11D3-BF4B-00C04F79EFBC}") = "GraphQL.Typed.Client.BuildTasks", "GraphQL.Typed.Client.BuildTasks\GraphQL.Typed.Client.BuildTasks.csproj", "{B4327D1A-89F1-4A6E-A8D5-60538BCB99CF}"
EndProject
Project("{FAE04EC0-301F-11D3-BF4B-00C04F79EFBC}") = "GraphQL.Typed.Client", "GraphQL.Typed.Client\GraphQL.Typed.Client.csproj", "{C5EC0D6A-7B5E-40B6-A665-FE9FB79BA33F}"
EndProject
Project("{2150E333-8FDC-42A3-9474-1A3956D46DE8}") = "Solution Items", "Solution Items", "{8F0A9A09-55F1-43E4-B44F-A7EB325EC037}"
ProjectSection(SolutionItems) = preProject
	LICENSE = LICENSE
	README.md = README.md
	.gitignore = .gitignore
	GitVersion.yml = GitVersion.yml
	azure-pipelines.yml = azure-pipelines.yml
EndProjectSection
EndProject
Global
	GlobalSection(SolutionConfigurationPlatforms) = preSolution
		Debug|Any CPU = Debug|Any CPU
		Release|Any CPU = Release|Any CPU
	EndGlobalSection
	GlobalSection(ProjectConfigurationPlatforms) = postSolution
		{B4327D1A-89F1-4A6E-A8D5-60538BCB99CF}.Debug|Any CPU.ActiveCfg = Debug|Any CPU
		{B4327D1A-89F1-4A6E-A8D5-60538BCB99CF}.Debug|Any CPU.Build.0 = Debug|Any CPU
		{B4327D1A-89F1-4A6E-A8D5-60538BCB99CF}.Release|Any CPU.ActiveCfg = Release|Any CPU
		{B4327D1A-89F1-4A6E-A8D5-60538BCB99CF}.Release|Any CPU.Build.0 = Release|Any CPU
		{C5EC0D6A-7B5E-40B6-A665-FE9FB79BA33F}.Debug|Any CPU.ActiveCfg = Debug|Any CPU
		{C5EC0D6A-7B5E-40B6-A665-FE9FB79BA33F}.Debug|Any CPU.Build.0 = Debug|Any CPU
		{C5EC0D6A-7B5E-40B6-A665-FE9FB79BA33F}.Release|Any CPU.ActiveCfg = Release|Any CPU
		{C5EC0D6A-7B5E-40B6-A665-FE9FB79BA33F}.Release|Any CPU.Build.0 = Release|Any CPU
	EndGlobalSection
EndGlobal
